
Microsoft Visual Studio Solution File, Format Version 12.00
# Visual Studio Version 16
VisualStudioVersion = 16.0.29721.120
MinimumVisualStudioVersion = 10.0.40219.1
Project("{FAE04EC0-301F-11D3-BF4B-00C04F79EFBC}") = "MaxHutchinson-Portfolio", "MaxHutchinson-Portfolio\MaxHutchinson-Portfolio.csproj", "{9E56B530-6057-4FB4-ACD7-182429F51D3B}"
EndProject
Global
	GlobalSection(SolutionConfigurationPlatforms) = preSolution
		Debug|Any CPU = Debug|Any CPU
		Release|Any CPU = Release|Any CPU
	EndGlobalSection
	GlobalSection(ProjectConfigurationPlatforms) = postSolution
		{9E56B530-6057-4FB4-ACD7-182429F51D3B}.Debug|Any CPU.ActiveCfg = Debug|Any CPU
		{9E56B530-6057-4FB4-ACD7-182429F51D3B}.Debug|Any CPU.Build.0 = Debug|Any CPU
		{9E56B530-6057-4FB4-ACD7-182429F51D3B}.Release|Any CPU.ActiveCfg = Release|Any CPU
		{9E56B530-6057-4FB4-ACD7-182429F51D3B}.Release|Any CPU.Build.0 = Release|Any CPU
	EndGlobalSection
	GlobalSection(SolutionProperties) = preSolution
		HideSolutionNode = FALSE
	EndGlobalSection
	GlobalSection(ExtensibilityGlobals) = postSolution
		SolutionGuid = {454394F0-2047-4060-AE21-8FD9BBBD126E}
	EndGlobalSection
EndGlobal
